
Microsoft Visual Studio Solution File, Format Version 12.00
# Visual Studio 15
VisualStudioVersion = 15.0.28307.329
MinimumVisualStudioVersion = 10.0.40219.1
Project("{FAE04EC0-301F-11D3-BF4B-00C04F79EFBC}") = "WeightLiftingCalculator", "WeightLiftingCalculator\WeightLiftingCalculator.csproj", "{102FC7F2-2F6B-4386-B50E-E0D7CE5EB18C}"
EndProject
Global
	GlobalSection(SolutionConfigurationPlatforms) = preSolution
		Debug|Any CPU = Debug|Any CPU
		Release|Any CPU = Release|Any CPU
	EndGlobalSection
	GlobalSection(ProjectConfigurationPlatforms) = postSolution
		{102FC7F2-2F6B-4386-B50E-E0D7CE5EB18C}.Debug|Any CPU.ActiveCfg = Debug|Any CPU
		{102FC7F2-2F6B-4386-B50E-E0D7CE5EB18C}.Debug|Any CPU.Build.0 = Debug|Any CPU
		{102FC7F2-2F6B-4386-B50E-E0D7CE5EB18C}.Release|Any CPU.ActiveCfg = Release|Any CPU
		{102FC7F2-2F6B-4386-B50E-E0D7CE5EB18C}.Release|Any CPU.Build.0 = Release|Any CPU
	EndGlobalSection
	GlobalSection(SolutionProperties) = preSolution
		HideSolutionNode = FALSE
	EndGlobalSection
	GlobalSection(ExtensibilityGlobals) = postSolution
		SolutionGuid = {70B31CEC-C677-422E-ADEA-85829014E154}
	EndGlobalSection
EndGlobal
